// !$*UTF8*$!
{
	archiveVersion = 1;
	classes = {
	};
	objectVersion = 46;
	objects = {

/* Begin PBXBuildFile section */
		DB1D471C1A6503BE0062A00C /* AppDelegate.swift in Sources */ = {isa = PBXBuildFile; fileRef = DB1D471B1A6503BE0062A00C /* AppDelegate.swift */; };
		DB1D471E1A6503BE0062A00C /* ViewController.swift in Sources */ = {isa = PBXBuildFile; fileRef = DB1D471D1A6503BE0062A00C /* ViewController.swift */; };
		DB1D47211A6503BE0062A00C /* Main.storyboard in Resources */ = {isa = PBXBuildFile; fileRef = DB1D471F1A6503BE0062A00C /* Main.storyboard */; };
		DB1D47231A6503BE0062A00C /* Images.xcassets in Resources */ = {isa = PBXBuildFile; fileRef = DB1D47221A6503BE0062A00C /* Images.xcassets */; };
		DB1D47261A6503BE0062A00C /* LaunchScreen.xib in Resources */ = {isa = PBXBuildFile; fileRef = DB1D47241A6503BE0062A00C /* LaunchScreen.xib */; };
		DB1D47321A6503BE0062A00C /* SnapchatCloneTests.swift in Sources */ = {isa = PBXBuildFile; fileRef = DB1D47311A6503BE0062A00C /* SnapchatCloneTests.swift */; };
		DB1D473D1A6504370062A00C /* Bolts.framework in Frameworks */ = {isa = PBXBuildFile; fileRef = DB1D473B1A6504370062A00C /* Bolts.framework */; };
		DB1D473E1A6504370062A00C /* Parse.framework in Frameworks */ = {isa = PBXBuildFile; fileRef = DB1D473C1A6504370062A00C /* Parse.framework */; };
		DB1D47401A6504470062A00C /* AudioToolbox.framework in Frameworks */ = {isa = PBXBuildFile; fileRef = DB1D473F1A6504470062A00C /* AudioToolbox.framework */; };
		DB1D47421A6504500062A00C /* CFNetwork.framework in Frameworks */ = {isa = PBXBuildFile; fileRef = DB1D47411A6504500062A00C /* CFNetwork.framework */; };
		DB1D47441A65045A0062A00C /* CoreGraphics.framework in Frameworks */ = {isa = PBXBuildFile; fileRef = DB1D47431A65045A0062A00C /* CoreGraphics.framework */; };
		DB1D47461A65047F0062A00C /* CoreLocation.framework in Frameworks */ = {isa = PBXBuildFile; fileRef = DB1D47451A65047F0062A00C /* CoreLocation.framework */; };
		DB1D47481A6504860062A00C /* MobileCoreServices.framework in Frameworks */ = {isa = PBXBuildFile; fileRef = DB1D47471A6504860062A00C /* MobileCoreServices.framework */; };
		DB1D474A1A65048C0062A00C /* QuartzCore.framework in Frameworks */ = {isa = PBXBuildFile; fileRef = DB1D47491A65048C0062A00C /* QuartzCore.framework */; };
		DB1D474C1A6504930062A00C /* Security.framework in Frameworks */ = {isa = PBXBuildFile; fileRef = DB1D474B1A6504930062A00C /* Security.framework */; };
		DB1D474E1A6504990062A00C /* StoreKit.framework in Frameworks */ = {isa = PBXBuildFile; fileRef = DB1D474D1A6504990062A00C /* StoreKit.framework */; };
		DB1D47501A6504A20062A00C /* SystemConfiguration.framework in Frameworks */ = {isa = PBXBuildFile; fileRef = DB1D474F1A6504A20062A00C /* SystemConfiguration.framework */; };
		DB1D47521A6504AC0062A00C /* libz.dylib in Frameworks */ = {isa = PBXBuildFile; fileRef = DB1D47511A6504AC0062A00C /* libz.dylib */; };
		DB1D47541A6504B30062A00C /* libsqlite3.dylib in Frameworks */ = {isa = PBXBuildFile; fileRef = DB1D47531A6504B30062A00C /* libsqlite3.dylib */; };
		DB1D47591A6507F70062A00C /* UserTableViewController.swift in Sources */ = {isa = PBXBuildFile; fileRef = DB1D47581A6507F70062A00C /* UserTableViewController.swift */; };
		DB6141501A65304500B9D88C /* ParseUI.framework in Frameworks */ = {isa = PBXBuildFile; fileRef = DB61414F1A65304500B9D88C /* ParseUI.framework */; };
/* End PBXBuildFile section */

/* Begin PBXContainerItemProxy section */
		DB1D472C1A6503BE0062A00C /* PBXContainerItemProxy */ = {
			isa = PBXContainerItemProxy;
			containerPortal = DB1D470E1A6503BE0062A00C /* Project object */;
			proxyType = 1;
			remoteGlobalIDString = DB1D47151A6503BE0062A00C;
			remoteInfo = SnapchatClone;
		};
/* End PBXContainerItemProxy section */

/* Begin PBXFileReference section */
		DB1D47161A6503BE0062A00C /* SnapchatClone.app */ = {isa = PBXFileReference; explicitFileType = wrapper.application; includeInIndex = 0; path = SnapchatClone.app; sourceTree = BUILT_PRODUCTS_DIR; };
		DB1D471A1A6503BE0062A00C /* Info.plist */ = {isa = PBXFileReference; lastKnownFileType = text.plist.xml; path = Info.plist; sourceTree = "<group>"; };
		DB1D471B1A6503BE0062A00C /* AppDelegate.swift */ = {isa = PBXFileReference; lastKnownFileType = sourcecode.swift; path = AppDelegate.swift; sourceTree = "<group>"; };
		DB1D471D1A6503BE0062A00C /* ViewController.swift */ = {isa = PBXFileReference; lastKnownFileType = sourcecode.swift; path = ViewController.swift; sourceTree = "<group>"; };
		DB1D47201A6503BE0062A00C /* Base */ = {isa = PBXFileReference; lastKnownFileType = file.storyboard; name = Base; path = Base.lproj/Main.storyboard; sourceTree = "<group>"; };
		DB1D47221A6503BE0062A00C /* Images.xcassets */ = {isa = PBXFileReference; lastKnownFileType = folder.assetcatalog; path = Images.xcassets; sourceTree = "<group>"; };
		DB1D47251A6503BE0062A00C /* Base */ = {isa = PBXFileReference; lastKnownFileType = file.xib; name = Base; path = Base.lproj/LaunchScreen.xib; sourceTree = "<group>"; };
		DB1D472B1A6503BE0062A00C /* SnapchatCloneTests.xctest */ = {isa = PBXFileReference; explicitFileType = wrapper.cfbundle; includeInIndex = 0; path = SnapchatCloneTests.xctest; sourceTree = BUILT_PRODUCTS_DIR; };
		DB1D47301A6503BE0062A00C /* Info.plist */ = {isa = PBXFileReference; lastKnownFileType = text.plist.xml; path = Info.plist; sourceTree = "<group>"; };
		DB1D47311A6503BE0062A00C /* SnapchatCloneTests.swift */ = {isa = PBXFileReference; lastKnownFileType = sourcecode.swift; path = SnapchatCloneTests.swift; sourceTree = "<group>"; };
		DB1D473B1A6504370062A00C /* Bolts.framework */ = {isa = PBXFileReference; lastKnownFileType = wrapper.framework; path = Bolts.framework; sourceTree = "<group>"; };
		DB1D473C1A6504370062A00C /* Parse.framework */ = {isa = PBXFileReference; lastKnownFileType = wrapper.framework; path = Parse.framework; sourceTree = "<group>"; };
		DB1D473F1A6504470062A00C /* AudioToolbox.framework */ = {isa = PBXFileReference; lastKnownFileType = wrapper.framework; name = AudioToolbox.framework; path = System/Library/Frameworks/AudioToolbox.framework; sourceTree = SDKROOT; };
		DB1D47411A6504500062A00C /* CFNetwork.framework */ = {isa = PBXFileReference; lastKnownFileType = wrapper.framework; name = CFNetwork.framework; path = System/Library/Frameworks/CFNetwork.framework; sourceTree = SDKROOT; };
		DB1D47431A65045A0062A00C /* CoreGraphics.framework */ = {isa = PBXFileReference; lastKnownFileType = wrapper.framework; name = CoreGraphics.framework; path = System/Library/Frameworks/CoreGraphics.framework; sourceTree = SDKROOT; };
		DB1D47451A65047F0062A00C /* CoreLocation.framework */ = {isa = PBXFileReference; lastKnownFileType = wrapper.framework; name = CoreLocation.framework; path = System/Library/Frameworks/CoreLocation.framework; sourceTree = SDKROOT; };
		DB1D47471A6504860062A00C /* MobileCoreServices.framework */ = {isa = PBXFileReference; lastKnownFileType = wrapper.framework; name = MobileCoreServices.framework; path = System/Library/Frameworks/MobileCoreServices.framework; sourceTree = SDKROOT; };
		DB1D47491A65048C0062A00C /* QuartzCore.framework */ = {isa = PBXFileReference; lastKnownFileType = wrapper.framework; name = QuartzCore.framework; path = System/Library/Frameworks/QuartzCore.framework; sourceTree = SDKROOT; };
		DB1D474B1A6504930062A00C /* Security.framework */ = {isa = PBXFileReference; lastKnownFileType = wrapper.framework; name = Security.framework; path = System/Library/Frameworks/Security.framework; sourceTree = SDKROOT; };
		DB1D474D1A6504990062A00C /* StoreKit.framework */ = {isa = PBXFileReference; lastKnownFileType = wrapper.framework; name = StoreKit.framework; path = System/Library/Frameworks/StoreKit.framework; sourceTree = SDKROOT; };
		DB1D474F1A6504A20062A00C /* SystemConfiguration.framework */ = {isa = PBXFileReference; lastKnownFileType = wrapper.framework; name = SystemConfiguration.framework; path = System/Library/Frameworks/SystemConfiguration.framework; sourceTree = SDKROOT; };
		DB1D47511A6504AC0062A00C /* libz.dylib */ = {isa = PBXFileReference; lastKnownFileType = "compiled.mach-o.dylib"; name = libz.dylib; path = usr/lib/libz.dylib; sourceTree = SDKROOT; };
		DB1D47531A6504B30062A00C /* libsqlite3.dylib */ = {isa = PBXFileReference; lastKnownFileType = "compiled.mach-o.dylib"; name = libsqlite3.dylib; path = usr/lib/libsqlite3.dylib; sourceTree = SDKROOT; };
		DB1D47551A6504DD0062A00C /* SnapchatClone-Bridging-Header.h */ = {isa = PBXFileReference; lastKnownFileType = sourcecode.c.h; path = "SnapchatClone-Bridging-Header.h"; sourceTree = "<group>"; };
		DB1D47581A6507F70062A00C /* UserTableViewController.swift */ = {isa = PBXFileReference; fileEncoding = 4; lastKnownFileType = sourcecode.swift; path = UserTableViewController.swift; sourceTree = "<group>"; };
		DB61414F1A65304500B9D88C /* ParseUI.framework */ = {isa = PBXFileReference; lastKnownFileType = wrapper.framework; path = ParseUI.framework; sourceTree = "<group>"; };
/* End PBXFileReference section */

/* Begin PBXFrameworksBuildPhase section */
		DB1D47131A6503BE0062A00C /* Frameworks */ = {
			isa = PBXFrameworksBuildPhase;
			buildActionMask = 2147483647;
			files = (
				DB1D47541A6504B30062A00C /* libsqlite3.dylib in Frameworks */,
				DB1D47521A6504AC0062A00C /* libz.dylib in Frameworks */,
				DB6141501A65304500B9D88C /* ParseUI.framework in Frameworks */,
				DB1D47501A6504A20062A00C /* SystemConfiguration.framework in Frameworks */,
				DB1D474E1A6504990062A00C /* StoreKit.framework in Frameworks */,
				DB1D474C1A6504930062A00C /* Security.framework in Frameworks */,
				DB1D474A1A65048C0062A00C /* QuartzCore.framework in Frameworks */,
				DB1D47481A6504860062A00C /* MobileCoreServices.framework in Frameworks */,
				DB1D47461A65047F0062A00C /* CoreLocation.framework in Frameworks */,
				DB1D47441A65045A0062A00C /* CoreGraphics.framework in Frameworks */,
				DB1D47421A6504500062A00C /* CFNetwork.framework in Frameworks */,
				DB1D47401A6504470062A00C /* AudioToolbox.framework in Frameworks */,
				DB1D473E1A6504370062A00C /* Parse.framework in Frameworks */,
				DB1D473D1A6504370062A00C /* Bolts.framework in Frameworks */,
			);
			runOnlyForDeploymentPostprocessing = 0;
		};
		DB1D47281A6503BE0062A00C /* Frameworks */ = {
			isa = PBXFrameworksBuildPhase;
			buildActionMask = 2147483647;
			files = (
			);
			runOnlyForDeploymentPostprocessing = 0;
		};
/* End PBXFrameworksBuildPhase section */

/* Begin PBXGroup section */
		DB1D470D1A6503BE0062A00C = {
			isa = PBXGroup;
			children = (
				DB1D47531A6504B30062A00C /* libsqlite3.dylib */,
				DB1D47511A6504AC0062A00C /* libz.dylib */,
				DB1D474F1A6504A20062A00C /* SystemConfiguration.framework */,
				DB1D474D1A6504990062A00C /* StoreKit.framework */,
				DB1D474B1A6504930062A00C /* Security.framework */,
				DB1D47491A65048C0062A00C /* QuartzCore.framework */,
				DB1D47471A6504860062A00C /* MobileCoreServices.framework */,
				DB1D47451A65047F0062A00C /* CoreLocation.framework */,
				DB1D47431A65045A0062A00C /* CoreGraphics.framework */,
				DB1D47411A6504500062A00C /* CFNetwork.framework */,
				DB1D473F1A6504470062A00C /* AudioToolbox.framework */,
				DB1D47181A6503BE0062A00C /* SnapchatClone */,
				DB1D472E1A6503BE0062A00C /* SnapchatCloneTests */,
				DB1D47171A6503BE0062A00C /* Products */,
			);
			sourceTree = "<group>";
		};
		DB1D47171A6503BE0062A00C /* Products */ = {
			isa = PBXGroup;
			children = (
				DB1D47161A6503BE0062A00C /* SnapchatClone.app */,
				DB1D472B1A6503BE0062A00C /* SnapchatCloneTests.xctest */,
			);
			name = Products;
			sourceTree = "<group>";
		};
		DB1D47181A6503BE0062A00C /* SnapchatClone */ = {
			isa = PBXGroup;
			children = (
				DB61414F1A65304500B9D88C /* ParseUI.framework */,
				DB1D473B1A6504370062A00C /* Bolts.framework */,
				DB1D473C1A6504370062A00C /* Parse.framework */,
				DB1D471B1A6503BE0062A00C /* AppDelegate.swift */,
				DB1D471D1A6503BE0062A00C /* ViewController.swift */,
				DB1D47581A6507F70062A00C /* UserTableViewController.swift */,
				DB1D471F1A6503BE0062A00C /* Main.storyboard */,
				DB1D47221A6503BE0062A00C /* Images.xcassets */,
				DB1D47241A6503BE0062A00C /* LaunchScreen.xib */,
				DB1D47191A6503BE0062A00C /* Supporting Files */,
				DB1D47551A6504DD0062A00C /* SnapchatClone-Bridging-Header.h */,
			);
			path = SnapchatClone;
			sourceTree = "<group>";
		};
		DB1D47191A6503BE0062A00C /* Supporting Files */ = {
			isa = PBXGroup;
			children = (
				DB1D471A1A6503BE0062A00C /* Info.plist */,
			);
			name = "Supporting Files";
			sourceTree = "<group>";
		};
		DB1D472E1A6503BE0062A00C /* SnapchatCloneTests */ = {
			isa = PBXGroup;
			children = (
				DB1D47311A6503BE0062A00C /* SnapchatCloneTests.swift */,
				DB1D472F1A6503BE0062A00C /* Supporting Files */,
			);
			path = SnapchatCloneTests;
			sourceTree = "<group>";
		};
		DB1D472F1A6503BE0062A00C /* Supporting Files */ = {
			isa = PBXGroup;
			children = (
				DB1D47301A6503BE0062A00C /* Info.plist */,
			);
			name = "Supporting Files";
			sourceTree = "<group>";
		};
/* End PBXGroup section */

/* Begin PBXNativeTarget section */
		DB1D47151A6503BE0062A00C /* SnapchatClone */ = {
			isa = PBXNativeTarget;
			buildConfigurationList = DB1D47351A6503BE0062A00C /* Build configuration list for PBXNativeTarget "SnapchatClone" */;
			buildPhases = (
				DB1D47121A6503BE0062A00C /* Sources */,
				DB1D47131A6503BE0062A00C /* Frameworks */,
				DB1D47141A6503BE0062A00C /* Resources */,
			);
			buildRules = (
			);
			dependencies = (
			);
			name = SnapchatClone;
			productName = SnapchatClone;
			productReference = DB1D47161A6503BE0062A00C /* SnapchatClone.app */;
			productType = "com.apple.product-type.application";
		};
		DB1D472A1A6503BE0062A00C /* SnapchatCloneTests */ = {
			isa = PBXNativeTarget;
			buildConfigurationList = DB1D47381A6503BE0062A00C /* Build configuration list for PBXNativeTarget "SnapchatCloneTests" */;
			buildPhases = (
				DB1D47271A6503BE0062A00C /* Sources */,
				DB1D47281A6503BE0062A00C /* Frameworks */,
				DB1D47291A6503BE0062A00C /* Resources */,
			);
			buildRules = (
			);
			dependencies = (
				DB1D472D1A6503BE0062A00C /* PBXTargetDependency */,
			);
			name = SnapchatCloneTests;
			productName = SnapchatCloneTests;
			productReference = DB1D472B1A6503BE0062A00C /* SnapchatCloneTests.xctest */;
			productType = "com.apple.product-type.bundle.unit-test";
		};
/* End PBXNativeTarget section */

/* Begin PBXProject section */
		DB1D470E1A6503BE0062A00C /* Project object */ = {
			isa = PBXProject;
			attributes = {
				LastUpgradeCheck = 0610;
				ORGANIZATIONNAME = "Christopher Alan";
				TargetAttributes = {
					DB1D47151A6503BE0062A00C = {
						CreatedOnToolsVersion = 6.1.1;
					};
					DB1D472A1A6503BE0062A00C = {
						CreatedOnToolsVersion = 6.1.1;
						TestTargetID = DB1D47151A6503BE0062A00C;
					};
				};
			};
			buildConfigurationList = DB1D47111A6503BE0062A00C /* Build configuration list for PBXProject "SnapchatClone" */;
			compatibilityVersion = "Xcode 3.2";
			developmentRegion = English;
			hasScannedForEncodings = 0;
			knownRegions = (
				en,
				Base,
			);
			mainGroup = DB1D470D1A6503BE0062A00C;
			productRefGroup = DB1D47171A6503BE0062A00C /* Products */;
			projectDirPath = "";
			projectRoot = "";
			targets = (
				DB1D47151A6503BE0062A00C /* SnapchatClone */,
				DB1D472A1A6503BE0062A00C /* SnapchatCloneTests */,
			);
		};
/* End PBXProject section */

/* Begin PBXResourcesBuildPhase section */
		DB1D47141A6503BE0062A00C /* Resources */ = {
			isa = PBXResourcesBuildPhase;
			buildActionMask = 2147483647;
			files = (
				DB1D47211A6503BE0062A00C /* Main.storyboard in Resources */,
				DB1D47261A6503BE0062A00C /* LaunchScreen.xib in Resources */,
				DB1D47231A6503BE0062A00C /* Images.xcassets in Resources */,
			);
			runOnlyForDeploymentPostprocessing = 0;
		};
		DB1D47291A6503BE0062A00C /* Resources */ = {
			isa = PBXResourcesBuildPhase;
			buildActionMask = 2147483647;
			files = (
			);
			runOnlyForDeploymentPostprocessing = 0;
		};
/* End PBXResourcesBuildPhase section */

/* Begin PBXSourcesBuildPhase section */
		DB1D47121A6503BE0062A00C /* Sources */ = {
			isa = PBXSourcesBuildPhase;
			buildActionMask = 2147483647;
			files = (
				DB1D471E1A6503BE0062A00C /* ViewController.swift in Sources */,
				DB1D47591A6507F70062A00C /* UserTableViewController.swift in Sources */,
				DB1D471C1A6503BE0062A00C /* AppDelegate.swift in Sources */,
			);
			runOnlyForDeploymentPostprocessing = 0;
		};
		DB1D47271A6503BE0062A00C /* Sources */ = {
			isa = PBXSourcesBuildPhase;
			buildActionMask = 2147483647;
			files = (
				DB1D47321A6503BE0062A00C /* SnapchatCloneTests.swift in Sources */,
			);
			runOnlyForDeploymentPostprocessing = 0;
		};
/* End PBXSourcesBuildPhase section */

/* Begin PBXTargetDependency section */
		DB1D472D1A6503BE0062A00C /* PBXTargetDependency */ = {
			isa = PBXTargetDependency;
			target = DB1D47151A6503BE0062A00C /* SnapchatClone */;
			targetProxy = DB1D472C1A6503BE0062A00C /* PBXContainerItemProxy */;
		};
/* End PBXTargetDependency section */

/* Begin PBXVariantGroup section */
		DB1D471F1A6503BE0062A00C /* Main.storyboard */ = {
			isa = PBXVariantGroup;
			children = (
				DB1D47201A6503BE0062A00C /* Base */,
			);
			name = Main.storyboard;
			sourceTree = "<group>";
		};
		DB1D47241A6503BE0062A00C /* LaunchScreen.xib */ = {
			isa = PBXVariantGroup;
			children = (
				DB1D47251A6503BE0062A00C /* Base */,
			);
			name = LaunchScreen.xib;
			sourceTree = "<group>";
		};
/* End PBXVariantGroup section */

/* Begin XCBuildConfiguration section */
		DB1D47331A6503BE0062A00C /* Debug */ = {
			isa = XCBuildConfiguration;
			buildSettings = {
				ALWAYS_SEARCH_USER_PATHS = NO;
				CLANG_CXX_LANGUAGE_STANDARD = "gnu++0x";
				CLANG_CXX_LIBRARY = "libc++";
				CLANG_ENABLE_MODULES = YES;
				CLANG_ENABLE_OBJC_ARC = YES;
				CLANG_WARN_BOOL_CONVERSION = YES;
				CLANG_WARN_CONSTANT_CONVERSION = YES;
				CLANG_WARN_DIRECT_OBJC_ISA_USAGE = YES_ERROR;
				CLANG_WARN_EMPTY_BODY = YES;
				CLANG_WARN_ENUM_CONVERSION = YES;
				CLANG_WARN_INT_CONVERSION = YES;
				CLANG_WARN_OBJC_ROOT_CLASS = YES_ERROR;
				CLANG_WARN_UNREACHABLE_CODE = YES;
				CLANG_WARN__DUPLICATE_METHOD_MATCH = YES;
				"CODE_SIGN_IDENTITY[sdk=iphoneos*]" = "iPhone Developer";
				COPY_PHASE_STRIP = NO;
				ENABLE_STRICT_OBJC_MSGSEND = YES;
				GCC_C_LANGUAGE_STANDARD = gnu99;
				GCC_DYNAMIC_NO_PIC = NO;
				GCC_OPTIMIZATION_LEVEL = 0;
				GCC_PREPROCESSOR_DEFINITIONS = (
					"DEBUG=1",
					"$(inherited)",
				);
				GCC_SYMBOLS_PRIVATE_EXTERN = NO;
				GCC_WARN_64_TO_32_BIT_CONVERSION = YES;
				GCC_WARN_ABOUT_RETURN_TYPE = YES_ERROR;
				GCC_WARN_UNDECLARED_SELECTOR = YES;
				GCC_WARN_UNINITIALIZED_AUTOS = YES_AGGRESSIVE;
				GCC_WARN_UNUSED_FUNCTION = YES;
				GCC_WARN_UNUSED_VARIABLE = YES;
				IPHONEOS_DEPLOYMENT_TARGET = 8.1;
				MTL_ENABLE_DEBUG_INFO = YES;
				ONLY_ACTIVE_ARCH = YES;
				SDKROOT = iphoneos;
				SWIFT_OPTIMIZATION_LEVEL = "-Onone";
				TARGETED_DEVICE_FAMILY = "1,2";
			};
			name = Debug;
		};
		DB1D47341A6503BE0062A00C /* Release */ = {
			isa = XCBuildConfiguration;
			buildSettings = {
				ALWAYS_SEARCH_USER_PATHS = NO;
				CLANG_CXX_LANGUAGE_STANDARD = "gnu++0x";
				CLANG_CXX_LIBRARY = "libc++";
				CLANG_ENABLE_MODULES = YES;
				CLANG_ENABLE_OBJC_ARC = YES;
				CLANG_WARN_BOOL_CONVERSION = YES;
				CLANG_WARN_CONSTANT_CONVERSION = YES;
				CLANG_WARN_DIRECT_OBJC_ISA_USAGE = YES_ERROR;
				CLANG_WARN_EMPTY_BODY = YES;
				CLANG_WARN_ENUM_CONVERSION = YES;
				CLANG_WARN_INT_CONVERSION = YES;
				CLANG_WARN_OBJC_ROOT_CLASS = YES_ERROR;
				CLANG_WARN_UNREACHABLE_CODE = YES;
				CLANG_WARN__DUPLICATE_METHOD_MATCH = YES;
				"CODE_SIGN_IDENTITY[sdk=iphoneos*]" = "iPhone Developer";
				COPY_PHASE_STRIP = YES;
				ENABLE_NS_ASSERTIONS = NO;
				ENABLE_STRICT_OBJC_MSGSEND = YES;
				GCC_C_LANGUAGE_STANDARD = gnu99;
				GCC_WARN_64_TO_32_BIT_CONVERSION = YES;
				GCC_WARN_ABOUT_RETURN_TYPE = YES_ERROR;
				GCC_WARN_UNDECLARED_SELECTOR = YES;
				GCC_WARN_UNINITIALIZED_AUTOS = YES_AGGRESSIVE;
				GCC_WARN_UNUSED_FUNCTION = YES;
				GCC_WARN_UNUSED_VARIABLE = YES;
				IPHONEOS_DEPLOYMENT_TARGET = 8.1;
				MTL_ENABLE_DEBUG_INFO = NO;
				SDKROOT = iphoneos;
				TARGETED_DEVICE_FAMILY = "1,2";
				VALIDATE_PRODUCT = YES;
			};
			name = Release;
		};
		DB1D47361A6503BE0062A00C /* Debug */ = {
			isa = XCBuildConfiguration;
			buildSettings = {
				ASSETCATALOG_COMPILER_APPICON_NAME = AppIcon;
				CLANG_ENABLE_MODULES = YES;
				FRAMEWORK_SEARCH_PATHS = (
					"$(inherited)",
					"$(PROJECT_DIR)/SnapchatClone",
				);
				INFOPLIST_FILE = SnapchatClone/Info.plist;
				LD_RUNPATH_SEARCH_PATHS = "$(inherited) @executable_path/Frameworks";
				PRODUCT_NAME = "$(TARGET_NAME)";
				SWIFT_OBJC_BRIDGING_HEADER = "SnapchatClone/SnapchatClone-Bridging-Header.h";
				SWIFT_OPTIMIZATION_LEVEL = "-Onone";
			};
			name = Debug;
		};
		DB1D47371A6503BE0062A00C /* Release */ = {
			isa = XCBuildConfiguration;
			buildSettings = {
				ASSETCATALOG_COMPILER_APPICON_NAME = AppIcon;
				CLANG_ENABLE_MODULES = YES;
				FRAMEWORK_SEARCH_PATHS = (
					"$(inherited)",
					"$(PROJECT_DIR)/SnapchatClone",
				);
				INFOPLIST_FILE = SnapchatClone/Info.plist;
				LD_RUNPATH_SEARCH_PATHS = "$(inherited) @executable_path/Frameworks";
				PRODUCT_NAME = "$(TARGET_NAME)";
				SWIFT_OBJC_BRIDGING_HEADER = "SnapchatClone/SnapchatClone-Bridging-Header.h";
			};
			name = Release;
		};
		DB1D47391A6503BE0062A00C /* Debug */ = {
			isa = XCBuildConfiguration;
			buildSettings = {
				BUNDLE_LOADER = "$(TEST_HOST)";
				FRAMEWORK_SEARCH_PATHS = (
					"$(SDKROOT)/Developer/Library/Frameworks",
					"$(inherited)",
				);
				GCC_PREPROCESSOR_DEFINITIONS = (
					"DEBUG=1",
					"$(inherited)",
				);
				INFOPLIST_FILE = SnapchatCloneTests/Info.plist;
				LD_RUNPATH_SEARCH_PATHS = "$(inherited) @executable_path/Frameworks @loader_path/Frameworks";
				PRODUCT_NAME = "$(TARGET_NAME)";
				TEST_HOST = "$(BUILT_PRODUCTS_DIR)/SnapchatClone.app/SnapchatClone";
			};
			name = Debug;
		};
		DB1D473A1A6503BE0062A00C /* Release */ = {
			isa = XCBuildConfiguration;
			buildSettings = {
				BUNDLE_LOADER = "$(TEST_HOST)";
				FRAMEWORK_SEARCH_PATHS = (
					"$(SDKROOT)/Developer/Library/Frameworks",
					"$(inherited)",
				);
				INFOPLIST_FILE = SnapchatCloneTests/Info.plist;
				LD_RUNPATH_SEARCH_PATHS = "$(inherited) @executable_path/Frameworks @loader_path/Frameworks";
				PRODUCT_NAME = "$(TARGET_NAME)";
				TEST_HOST = "$(BUILT_PRODUCTS_DIR)/SnapchatClone.app/SnapchatClone";
			};
			name = Release;
		};
/* End XCBuildConfiguration section */

/* Begin XCConfigurationList section */
		DB1D47111A6503BE0062A00C /* Build configuration list for PBXProject "SnapchatClone" */ = {
			isa = XCConfigurationList;
			buildConfigurations = (
				DB1D47331A6503BE0062A00C /* Debug */,
				DB1D47341A6503BE0062A00C /* Release */,
			);
			defaultConfigurationIsVisible = 0;
			defaultConfigurationName = Release;
		};
		DB1D47351A6503BE0062A00C /* Build configuration list for PBXNativeTarget "SnapchatClone" */ = {
			isa = XCConfigurationList;
			buildConfigurations = (
				DB1D47361A6503BE0062A00C /* Debug */,
				DB1D47371A6503BE0062A00C /* Release */,
			);
			defaultConfigurationIsVisible = 0;
			defaultConfigurationName = Release;
		};
		DB1D47381A6503BE0062A00C /* Build configuration list for PBXNativeTarget "SnapchatCloneTests" */ = {
			isa = XCConfigurationList;
			buildConfigurations = (
				DB1D47391A6503BE0062A00C /* Debug */,
				DB1D473A1A6503BE0062A00C /* Release */,
			);
			defaultConfigurationIsVisible = 0;
			defaultConfigurationName = Release;
		};
/* End XCConfigurationList section */
	};
	rootObject = DB1D470E1A6503BE0062A00C /* Project object */;
}
